# This file is autogenerated, do not edit; changes may be undone by the next 'dep ensure'.


[[projects]]
  digest = "1:805922a698719105a020d35c21420478beab6505764348ab994cb443cdc1ac4b"
  name = "cloud.google.com/go"
  packages = ["compute/metadata"]
  pruneopts = "UT"
  revision = "69e77e66e59741e053c986d469791a983ee1d6a5"
  version = "v0.56.0"

[[projects]]
  digest = "1:e92f5581902c345eb4ceffdcd4a854fb8f73cf436d47d837d1ec98ef1fe0a214"
  name = "github.com/StackExchange/wmi"
  packages = ["."]
  pruneopts = "UT"
  revision = "5d049714c4a64225c3c79a7cf7d02f7fb5b96338"
  version = "1.0.0"

[[projects]]
  digest = "1:fd628b282ea2da2602e8bde20777b91d8c60529c76a6f88dc571bae54254d7c5"
  name = "github.com/aws/aws-sdk-go"
  packages = [
    "aws",
    "aws/awserr",
    "aws/awsutil",
    "aws/client",
    "aws/client/metadata",
    "aws/corehandlers",
    "aws/credentials",
    "aws/credentials/ec2rolecreds",
    "aws/credentials/endpointcreds",
    "aws/credentials/processcreds",
    "aws/credentials/stscreds",
    "aws/csm",
    "aws/defaults",
    "aws/ec2metadata",
    "aws/endpoints",
    "aws/request",
    "aws/session",
    "aws/signer/v4",
    "internal/ini",
    "internal/sdkio",
    "internal/sdkmath",
    "internal/sdkrand",
    "internal/sdkuri",
    "internal/shareddefaults",
    "private/protocol",
    "private/protocol/json/jsonutil",
    "private/protocol/query",
    "private/protocol/query/queryutil",
    "private/protocol/rest",
    "private/protocol/xml/xmlutil",
    "service/sts",
    "service/sts/stsiface",
  ]
  pruneopts = "UT"
  revision = "8b44c74850c51562a4360837e9e4d6e7c47b7d81"
  version = "v1.25.11"

[[projects]]
  branch = "master"
  digest = "1:af49c3a6247e95ab2d32fec3127ee739d26727d05593f7cf7baef24bacee7b50"
  name = "github.com/containerd/cgroups"
  packages = ["."]
  pruneopts = "UT"
  revision = "51b62d303d381950f7b51cf8ff52f1e9e49cc4f1"

[[projects]]
  digest = "1:5e9a94190e20a9ff23267adcc08727fca2d3a0d7bf849120fa79fcd2353db721"
  name = "github.com/coreos/go-systemd"
  packages = ["dbus"]
  pruneopts = "UT"
  revision = "95778dfbb74eb7e4dbaf43bf7d71809650ef8076"
  version = "v19"

[[projects]]
  digest = "1:a2c1d0e43bd3baaa071d1b9ed72c27d78169b2b269f71c105ac4ba34b1be4a39"
  name = "github.com/davecgh/go-spew"
  packages = ["spew"]
  pruneopts = "UT"
  revision = "346938d642f2ec3594ed81d874461961cd0faa76"
  version = "v1.1.0"

[[projects]]
  digest = "1:e95ef557dc3120984bb66b385ae01b4bb8ff56bcde28e7b0d1beed0cccc4d69f"
  name = "github.com/docker/go-units"
  packages = ["."]
  pruneopts = "UT"
  revision = "519db1ee28dcc9fd2474ae59fca29a810482bfb1"
  version = "v0.4.0"

[[projects]]
  branch = "master"
  digest = "1:962bb9e64adb39123435a82e88485dc86d135db77c1402f4a0e1f4632f7ca740"
  name = "github.com/elotl/wsstream"
  packages = ["."]
  pruneopts = "UT"
  revision = "a88a26dd5a786dfa2f13d85847c85fa2ae383188"

[[projects]]
  digest = "1:440028f55cb322d8cb5b9d5ebec298a00b7d74690a658fe6b1c0c0b44341bfae"
  name = "github.com/go-ole/go-ole"
  packages = [
    ".",
    "oleutil",
  ]
  pruneopts = "UT"
  revision = "97b6244175ae18ea6eef668034fd6565847501c9"
  version = "v1.2.4"

[[projects]]
  digest = "1:b3d20bcdedab2050e6bc58e52f4fdc46f710b4c74e1a1ecee262ebec1aee7b6e"
  name = "github.com/godbus/dbus"
  packages = ["."]
  pruneopts = "UT"
  revision = "2ff6f7ffd60f0f2410b3105864bdd12c7894f844"
  version = "v5.0.1"

[[projects]]
  digest = "1:4652941215f23c7ad6546bab86964c72248a1134baa53f0df618661344ba5cac"
  name = "github.com/gogo/protobuf"
  packages = [
    "gogoproto",
    "proto",
    "protoc-gen-gogo/descriptor",
  ]
  pruneopts = "UT"
  revision = "ba06b47c162d49f2af050fb4c75bcbc86a159d5c"
  version = "v1.2.1"

[[projects]]
  branch = "master"
  digest = "1:1ba1d79f2810270045c328ae5d674321db34e3aae468eb4233883b473c5c0467"
  name = "github.com/golang/glog"
  packages = ["."]
  pruneopts = "UT"
  revision = "23def4e6c14b4da8ac2ed8007337bc5eb5007998"

[[projects]]
  digest = "1:a840b166971a2e76fcc4fbafaa181ea109b92d461e7f9b608a49b70be2765bac"
  name = "github.com/google/gofuzz"
  packages = ["."]
  pruneopts = "UT"
  revision = "db92cf7ae75e4a7a28abc005addab2b394362888"
  version = "v1.1.0"

[[projects]]
  digest = "1:43dd08a10854b2056e615d1b1d22ac94559d822e1f8b6fcc92c1a1057e85188e"
  name = "github.com/gorilla/websocket"
  packages = ["."]
  pruneopts = "UT"
  revision = "ea4d1f681babbce9545c9c5f3d5194a789c89f5b"
  version = "v1.2.0"

[[projects]]
  digest = "1:0ade334594e69404d80d9d323445d2297ff8161637f9b2d347cc6973d2d6f05b"
  name = "github.com/hashicorp/errwrap"
  packages = ["."]
  pruneopts = "UT"
  revision = "8a6fb523712970c966eefc6b39ed2c5e74880354"
  version = "v1.0.0"

[[projects]]
  digest = "1:8aa2b4301dac6d0e002849c008f0d017ef0f6b50813cb7ac3b0dbc04fc3fb8be"
  name = "github.com/hashicorp/go-multierror"
  packages = ["."]
  pruneopts = "UT"
  revision = "2004d9dba6b07a5b8d133209244f376680f9d472"
  version = "v1.1.0"

[[projects]]
  branch = "master"
  digest = "1:207adbd3bf30084db288db95cf09faef3bbdf92d7462c53629d4ed8b7c87f78e"
  name = "github.com/jandre/procfs"
  packages = [
    ".",
    "limits",
    "stat",
    "statm",
    "status",
    "util",
  ]
  pruneopts = "UT"
  revision = "f645421657bb18912e57313ab14573213ae3f3dc"

[[projects]]
  digest = "1:bb81097a5b62634f3e9fec1014657855610c82d19b9a40c17612e32651e35dca"
  name = "github.com/jmespath/go-jmespath"
  packages = ["."]
  pruneopts = "UT"
  revision = "c2b33e84"

[[projects]]
  branch = "master"
  digest = "1:f438d91be142877c3ad83157992c91de787ddfbddcc2a7da1ef6ef61606cadc4"
  name = "github.com/justnoise/genny"
  packages = ["generic"]
  pruneopts = "UT"
  revision = "9127e812e1e9e501ce899a18121d316ecb52e4ba"

[[projects]]
  branch = "master"
  digest = "1:400e113a367b511b9b09ca642ee11d9885485a93838526d697033af334a2fdde"
  name = "github.com/kballard/go-shellquote"
  packages = ["."]
  pruneopts = "UT"
  revision = "95032a82bc518f77982ea72343cc1ade730072f0"

[[projects]]
  digest = "1:f6b82ed403c30a49dccca6f9fad2b1ecd16fbb0b75a251848041d0b73c33ab8b"
  name = "github.com/kr/pty"
  packages = ["."]
  pruneopts = "UT"
  revision = "282ce0e5322c82529687d609ee670fac7c7d917c"
  version = "v1.1.1"

[[projects]]
  digest = "1:0b4fb1054e80fa2f7f4ea8cfcabe00714e60696d4937480737ad1b0eb9f68a08"
  name = "github.com/lorenzosaino/go-sysctl"
  packages = ["."]
  pruneopts = "UT"
  revision = "85d72f4a1e9a16973bc105e892ba1335220a95d2"
  version = "v0.1.0"

[[projects]]
  digest = "1:69530a15507094162be4eb3180c1d68b787177e8c9bbe76d4da40d44d6586f6f"
  name = "github.com/mitchellh/go-ps"
  packages = ["."]
  pruneopts = "UT"
  revision = "147ff83818ae939913b2e20b91ae3cd6c391771c"
  version = "v1.0.0"

[[projects]]
  digest = "1:38ee335aedf4626620f3cf8f605661e71abdcce7b40b38921962beb3980f0a20"
  name = "github.com/opencontainers/runc"
  packages = ["libcontainer/user"]
  pruneopts = "UT"
  revision = "baf6536d6259209c3edfa2b22237af82942d3dfa"
  version = "v0.1.1"

[[projects]]
  branch = "master"
  digest = "1:9b1faa0a95eb542ac3a4b769a26dd225e368128b9e6ea652fef9eadf8873fe2f"
  name = "github.com/opencontainers/runtime-spec"
  packages = ["specs-go"]
  pruneopts = "UT"
  revision = "8ffda149bac31804bdae35e5ec8ee563fe0f3459"

[[projects]]
  digest = "1:cf31692c14422fa27c83a05292eb5cbe0fb2775972e8f1f8446a71549bd8980b"
  name = "github.com/pkg/errors"
  packages = ["."]
  pruneopts = "UT"
  revision = "ba968bfe8b2f7e042a574c888954fccecfa385b4"
  version = "v0.8.1"

[[projects]]
  digest = "1:0028cb19b2e4c3112225cd871870f2d9cf49b9b4276531f03438a88e94be86fe"
  name = "github.com/pmezard/go-difflib"
  packages = ["difflib"]
  pruneopts = "UT"
  revision = "792786c7400a136282c1664665ae0a8db921c6c2"
  version = "v1.0.0"

[[projects]]
  digest = "1:cccec58c8ed2fea1b7571248e28f3220d49182bc49bf3efc952bc3a5c083c500"
  name = "github.com/ramr/go-reaper"
  packages = ["."]
  pruneopts = "UT"
  revision = "8f6f50505771f9e016c28df834815b535b2f0dcf"
  version = "v0.2.0"

[[projects]]
  digest = "1:ba5b13dd523555370672ed82facbcfe033a8c657f67049ec6b0dcf5b25f0ac69"
  name = "github.com/shirou/gopsutil"
  packages = [
    "cpu",
    "disk",
    "internal/common",
    "mem",
  ]
  pruneopts = "UT"
  revision = "2cbc9195c892b304060269ef280375236d2fcac9"
  version = "v2.19.03"

[[projects]]
  digest = "1:f85e109eda8f6080877185d1c39e98dd8795e1780c08beca28304b87fd855a1c"
  name = "github.com/stretchr/testify"
  packages = ["assert"]
  pruneopts = "UT"
  revision = "12b6f73e6084dad08a7c6e575284b177ecafbc71"
  version = "v1.2.1"

[[projects]]
  branch = "master"
  digest = "1:e14e467ed00ab98665623c5060fa17e3d7079be560ffc33cabafd05d35894f05"
  name = "github.com/syndtr/gocapability"
  packages = ["capability"]
  pruneopts = "UT"
  revision = "d98352740cb2c55f81556b63d4a1ec64c5a319c2"

[[projects]]
  digest = "1:2d9d06cb9d46dacfdbb45f8575b39fc0126d083841a29d4fbf8d97708f43107e"
  name = "github.com/vishvananda/netlink"
  packages = [
    ".",
    "nl",
  ]
  pruneopts = "UT"
  revision = "a2ad57a690f3caf3015351d2d6e1c0b95c349752"
  version = "v1.0.0"

[[projects]]
  branch = "master"
  digest = "1:b405c6b13f8f88fde0aab3e5c566554fc7c2c5579dc5de603a188d4e44db2712"
  name = "github.com/vishvananda/netns"
  packages = ["."]
  pruneopts = "UT"
  revision = "7109fa855b0ff1ebef7fbd2f6aa613e8db7cfbc0"

[[projects]]
  digest = "1:2199118a5de91125b472c6a71ecd81b636d7ce252f64087e57f1ba5830f1451a"
  name = "golang.org/x/mod"
  packages = ["semver"]
  pruneopts = "UT"
  revision = "ed3ec21bb8e252814c380df79a80f366440ddb2d"
  version = "v0.2.0"

[[projects]]
  branch = "master"
  digest = "1:d1209fa9ed40a3a24de8498a9bead59eb3333f16a73fa23ba1fc6677a3cfc9d7"
  name = "golang.org/x/net"
  packages = [
    "context",
    "http/httpguts",
    "http2",
    "http2/hpack",
    "idna",
  ]
  pruneopts = "UT"
  revision = "8a410e7b638dca158bf9e766925842f6651ff828"

[[projects]]
  branch = "master"
  digest = "1:8fbfc6ea1a8a078697633be97f07dd83a83d32a96959d42195464c13c25be374"
  name = "golang.org/x/sys"
  packages = [
    "unix",
    "windows",
  ]
  pruneopts = "UT"
  revision = "c11f84a56e43e20a78cee75a7c034031ecf57d1f"

[[projects]]
  digest = "1:8d8faad6b12a3a4c819a3f9618cb6ee1fa1cfc33253abeeea8b55336721e3405"
  name = "golang.org/x/text"
  packages = [
    "collate",
    "collate/build",
    "internal/colltab",
    "internal/gen",
    "internal/language",
    "internal/language/compact",
    "internal/tag",
    "internal/triegen",
    "internal/ucd",
    "language",
    "secure/bidirule",
    "transform",
    "unicode/bidi",
    "unicode/cldr",
    "unicode/norm",
    "unicode/rangetable",
  ]
  pruneopts = "UT"
  revision = "342b2e1fbaa52c93f31447ad2c6abc048c63e475"
  version = "v0.3.2"

[[projects]]
  branch = "master"
  digest = "1:090c8aca4054c1e99bd6e765abf3b14742a718301de77ca753456eb4ce49bb5a"
  name = "k8s.io/apimachinery"
  packages = [
    "pkg/util/errors",
    "pkg/util/intstr",
    "pkg/util/net",
    "pkg/util/runtime",
    "pkg/util/sets",
    "pkg/util/version",
    "pkg/util/wait",
    "pkg/version",
  ]
  pruneopts = "UT"
  revision = "fb3eea21474617fb41ce32f1a230902cf3293d0d"

[[projects]]
  digest = "1:93e82f25d75aba18436ad1ac042cb49493f096011f2541075721ed6f9e05c044"
  name = "k8s.io/klog"
  packages = ["."]
  pruneopts = "UT"
  revision = "2ca9ad30301bf30a8a6e0fa2110db6b8df699a91"
  version = "v1.0.0"

[[projects]]
  digest = "1:112329d73cee55b9e161a0ae3eba8106e24b9eb06346944943a9f6ac1f7fdbd4"
  name = "k8s.io/kubernetes"
  packages = [
    "pkg/kubelet/util/ioutils",
    "pkg/probe",
    "pkg/probe/exec",
    "pkg/probe/http",
    "pkg/probe/tcp",
    "pkg/util/dbus",
    "pkg/util/iptables",
    "pkg/version",
    "third_party/forked/golang/expansion",
  ]
  pruneopts = "UT"
  revision = "d647ddbd755faf07169599a625faf302ffc34458"
  version = "v1.16.1"

[[projects]]
  branch = "master"
  digest = "1:c8cff65cbbdd6674cb30709e9956132e68302299bc02577c3bd3a62189310c71"
  name = "k8s.io/utils"
  packages = [
    "exec",
    "io",
    "trace",
  ]
  pruneopts = "UT"
  revision = "8d271d903fe4c290aa361acfb242cff7bcee96f1"

[solve-meta]
  analyzer-name = "dep"
  analyzer-version = 1
  input-imports = [
    "cloud.google.com/go/compute/metadata",
    "github.com/aws/aws-sdk-go/aws/ec2metadata",
    "github.com/aws/aws-sdk-go/aws/session",
    "github.com/containerd/cgroups",
    "github.com/elotl/wsstream",
    "github.com/golang/glog",
    "github.com/gorilla/websocket",
    "github.com/hashicorp/go-multierror",
    "github.com/jandre/procfs",
    "github.com/justnoise/genny/generic",
    "github.com/kballard/go-shellquote",
    "github.com/kr/pty",
    "github.com/lorenzosaino/go-sysctl",
    "github.com/mitchellh/go-ps",
    "github.com/opencontainers/runc/libcontainer/user",
    "github.com/opencontainers/runtime-spec/specs-go",
    "github.com/ramr/go-reaper",
    "github.com/shirou/gopsutil/cpu",
    "github.com/shirou/gopsutil/disk",
    "github.com/shirou/gopsutil/mem",
    "github.com/stretchr/testify/assert",
    "github.com/syndtr/gocapability/capability",
    "github.com/vishvananda/netlink",
    "github.com/vishvananda/netns",
    "golang.org/x/mod/semver",
    "golang.org/x/net/context",
    "golang.org/x/sys/unix",
    "k8s.io/apimachinery/pkg/util/intstr",
    "k8s.io/kubernetes/pkg/probe",
    "k8s.io/kubernetes/pkg/probe/exec",
    "k8s.io/kubernetes/pkg/probe/http",
    "k8s.io/kubernetes/pkg/probe/tcp",
    "k8s.io/kubernetes/pkg/util/dbus",
    "k8s.io/kubernetes/pkg/util/iptables",
    "k8s.io/kubernetes/third_party/forked/golang/expansion",
    "k8s.io/utils/exec",
  ]
  solver-name = "gps-cdcl"
  solver-version = 1
